
Microsoft Visual Studio Solution File, Format Version 12.00
# Visual Studio Version 17
VisualStudioVersion = 17.7.34031.279
MinimumVisualStudioVersion = 10.0.40219.1
Project("{8BC9CEB8-8B4A-11D0-8D11-00A0C91BC942}") = "Project01", "Project01\Project01.vcxproj", "{37BFBEA4-93CF-4390-9D56-284C26DDB29D}"
EndProject
Project("{8BC9CEB8-8B4A-11D0-8D11-00A0C91BC942}") = "Project02", "Project02\Project02.vcxproj", "{8C8B7D9B-C7CE-4700-B251-1CF1534355EB}"
EndProject
Project("{8BC9CEB8-8B4A-11D0-8D11-00A0C91BC942}") = "Project03", "Project03\Project03.vcxproj", "{3C4E8227-6D72-4BCD-BB97-112C3BC8B18B}"
EndProject
Project("{8BC9CEB8-8B4A-11D0-8D11-00A0C91BC942}") = "Project04", "Project04\Project04.vcxproj", "{B43769B7-E8A9-44DC-9180-9E5875F29840}"
EndProject
Project("{8BC9CEB8-8B4A-11D0-8D11-00A0C91BC942}") = "Project05", "Project05\Project05.vcxproj", "{E6927CCD-E948-42B6-BD14-5B4369EE1DFB}"
EndProject
Global
	GlobalSection(SolutionConfigurationPlatforms) = preSolution
		Debug|x64 = Debug|x64
		Debug|x86 = Debug|x86
		Release|x64 = Release|x64
		Release|x86 = Release|x86
	EndGlobalSection
	GlobalSection(ProjectConfigurationPlatforms) = postSolution
		{37BFBEA4-93CF-4390-9D56-284C26DDB29D}.Debug|x64.ActiveCfg = Debug|x64
		{37BFBEA4-93CF-4390-9D56-284C26DDB29D}.Debug|x64.Build.0 = Debug|x64
		{37BFBEA4-93CF-4390-9D56-284C26DDB29D}.Debug|x86.ActiveCfg = Debug|Win32
		{37BFBEA4-93CF-4390-9D56-284C26DDB29D}.Debug|x86.Build.0 = Debug|Win32
		{37BFBEA4-93CF-4390-9D56-284C26DDB29D}.Release|x64.ActiveCfg = Release|x64
		{37BFBEA4-93CF-4390-9D56-284C26DDB29D}.Release|x64.Build.0 = Release|x64
		{37BFBEA4-93CF-4390-9D56-284C26DDB29D}.Release|x86.ActiveCfg = Release|Win32
		{37BFBEA4-93CF-4390-9D56-284C26DDB29D}.Release|x86.Build.0 = Release|Win32
		{8C8B7D9B-C7CE-4700-B251-1CF1534355EB}.Debug|x64.ActiveCfg = Debug|x64
		{8C8B7D9B-C7CE-4700-B251-1CF1534355EB}.Debug|x64.Build.0 = Debug|x64
		{8C8B7D9B-C7CE-4700-B251-1CF1534355EB}.Debug|x86.ActiveCfg = Debug|Win32
		{8C8B7D9B-C7CE-4700-B251-1CF1534355EB}.Debug|x86.Build.0 = Debug|Win32
		{8C8B7D9B-C7CE-4700-B251-1CF1534355EB}.Release|x64.ActiveCfg = Release|x64
		{8C8B7D9B-C7CE-4700-B251-1CF1534355EB}.Release|x64.Build.0 = Release|x64
		{8C8B7D9B-C7CE-4700-B251-1CF1534355EB}.Release|x86.ActiveCfg = Release|Win32
		{8C8B7D9B-C7CE-4700-B251-1CF1534355EB}.Release|x86.Build.0 = Release|Win32
		{3C4E8227-6D72-4BCD-BB97-112C3BC8B18B}.Debug|x64.ActiveCfg = Debug|x64
		{3C4E8227-6D72-4BCD-BB97-112C3BC8B18B}.Debug|x64.Build.0 = Debug|x64
		{3C4E8227-6D72-4BCD-BB97-112C3BC8B18B}.Debug|x86.ActiveCfg = Debug|Win32
		{3C4E8227-6D72-4BCD-BB97-112C3BC8B18B}.Debug|x86.Build.0 = Debug|Win32
		{3C4E8227-6D72-4BCD-BB97-112C3BC8B18B}.Release|x64.ActiveCfg = Release|x64
		{3C4E8227-6D72-4BCD-BB97-112C3BC8B18B}.Release|x64.Build.0 = Release|x64
		{3C4E8227-6D72-4BCD-BB97-112C3BC8B18B}.Release|x86.ActiveCfg = Release|Win32
		{3C4E8227-6D72-4BCD-BB97-112C3BC8B18B}.Release|x86.Build.0 = Release|Win32
		{B43769B7-E8A9-44DC-9180-9E5875F29840}.Debug|x64.ActiveCfg = Debug|x64
		{B43769B7-E8A9-44DC-9180-9E5875F29840}.Debug|x64.Build.0 = Debug|x64
		{B43769B7-E8A9-44DC-9180-9E5875F29840}.Debug|x86.ActiveCfg = Debug|Win32
		{B43769B7-E8A9-44DC-9180-9E5875F29840}.Debug|x86.Build.0 = Debug|Win32
		{B43769B7-E8A9-44DC-9180-9E5875F29840}.Release|x64.ActiveCfg = Release|x64
		{B43769B7-E8A9-44DC-9180-9E5875F29840}.Release|x64.Build.0 = Release|x64
		{B43769B7-E8A9-44DC-9180-9E5875F29840}.Release|x86.ActiveCfg = Release|Win32
		{B43769B7-E8A9-44DC-9180-9E5875F29840}.Release|x86.Build.0 = Release|Win32
		{E6927CCD-E948-42B6-BD14-5B4369EE1DFB}.Debug|x64.ActiveCfg = Debug|x64
		{E6927CCD-E948-42B6-BD14-5B4369EE1DFB}.Debug|x64.Build.0 = Debug|x64
		{E6927CCD-E948-42B6-BD14-5B4369EE1DFB}.Debug|x86.ActiveCfg = Debug|Win32
		{E6927CCD-E948-42B6-BD14-5B4369EE1DFB}.Debug|x86.Build.0 = Debug|Win32
		{E6927CCD-E948-42B6-BD14-5B4369EE1DFB}.Release|x64.ActiveCfg = Release|x64
		{E6927CCD-E948-42B6-BD14-5B4369EE1DFB}.Release|x64.Build.0 = Release|x64
		{E6927CCD-E948-42B6-BD14-5B4369EE1DFB}.Release|x86.ActiveCfg = Release|Win32
		{E6927CCD-E948-42B6-BD14-5B4369EE1DFB}.Release|x86.Build.0 = Release|Win32
	EndGlobalSection
	GlobalSection(SolutionProperties) = preSolution
		HideSolutionNode = FALSE
	EndGlobalSection
	GlobalSection(ExtensibilityGlobals) = postSolution
		SolutionGuid = {5153359D-CAAF-477E-AB23-55780B55E3E1}
	EndGlobalSection
EndGlobal
